
Microsoft Visual Studio Solution File, Format Version 12.00
# Visual Studio Version 16
VisualStudioVersion = 16.0.31105.61
MinimumVisualStudioVersion = 10.0.40219.1
Project("{FAE04EC0-301F-11D3-BF4B-00C04F79EFBC}") = "webservice", "src\product\webservice\webservice.csproj", "{71BD8693-1B51-4742-87C0-0AAC14EDFF5F}"
EndProject
Project("{FAE04EC0-301F-11D3-BF4B-00C04F79EFBC}") = "classes", "src\product\classes\classes.csproj", "{B02AD18B-1011-4959-AF47-39E34B4AD166}"
EndProject
Project("{2150E333-8FDC-42A3-9474-1A3956D46DE8}") = "admin", "admin", "{8FFFE7E2-0554-4C0A-8B90-B5F80CF40343}"
EndProject
Project("{FAE04EC0-301F-11D3-BF4B-00C04F79EFBC}") = "access", "src\product\admin\access\access.csproj", "{860BB8AE-7D3E-4ED0-8278-36B4ACF35A8F}"
EndProject
Project("{FAE04EC0-301F-11D3-BF4B-00C04F79EFBC}") = "classes", "src\product\admin\classes\classes.csproj", "{DC4952CC-1970-41F3-B808-64E23B5B6AD4}"
EndProject
Project("{FAE04EC0-301F-11D3-BF4B-00C04F79EFBC}") = "access", "src\product\access\access.csproj", "{00687DE1-C273-4D9C-B088-CE2BB8AF925F}"
EndProject
Project("{00687DE1-C273-4D9C-B088-CE2BB8AF925F}") = "database", "src\product\database\acs.csproj"
EndProject
Global
	GlobalSection(SolutionConfigurationPlatforms) = preSolution
		Debug|Any CPU = Debug|Any CPU
		Debug|x64 = Debug|x64
		Release|Any CPU = Release|Any CPU
		Release|x64 = Release|x64
	EndGlobalSection
	GlobalSection(ProjectConfigurationPlatforms) = postSolution
		{71BD8693-1B51-4742-87C0-0AAC14EDFF5F}.Debug|Any CPU.ActiveCfg = Debug|Any CPU
		{71BD8693-1B51-4742-87C0-0AAC14EDFF5F}.Debug|Any CPU.Build.0 = Debug|Any CPU
		{71BD8693-1B51-4742-87C0-0AAC14EDFF5F}.Release|Any CPU.ActiveCfg = Release|Any CPU
		{71BD8693-1B51-4742-87C0-0AAC14EDFF5F}.Release|Any CPU.Build.0 = Release|Any CPU
		{71BD8693-1B51-4742-87C0-0AAC14EDFF5F}.Debug|x64.ActiveCfg = Debug|x64
		{71BD8693-1B51-4742-87C0-0AAC14EDFF5F}.Debug|x64.Build.0 = Debug|x64
		{71BD8693-1B51-4742-87C0-0AAC14EDFF5F}.Release|x64.ActiveCfg = Release|x64
		{71BD8693-1B51-4742-87C0-0AAC14EDFF5F}.Release|x64.Build.0 = Release|x64
		{B02AD18B-1011-4959-AF47-39E34B4AD166}.Debug|Any CPU.ActiveCfg = Debug|Any CPU
		{B02AD18B-1011-4959-AF47-39E34B4AD166}.Debug|Any CPU.Build.0 = Debug|Any CPU
		{B02AD18B-1011-4959-AF47-39E34B4AD166}.Release|Any CPU.ActiveCfg = Release|Any CPU
		{B02AD18B-1011-4959-AF47-39E34B4AD166}.Release|Any CPU.Build.0 = Release|Any CPU
		{B02AD18B-1011-4959-AF47-39E34B4AD166}.Debug|x64.ActiveCfg = Debug|x64
		{B02AD18B-1011-4959-AF47-39E34B4AD166}.Debug|x64.Build.0 = Debug|x64
		{B02AD18B-1011-4959-AF47-39E34B4AD166}.Release|x64.ActiveCfg = Release|x64
		{B02AD18B-1011-4959-AF47-39E34B4AD166}.Release|x64.Build.0 = Release|x64
		{860BB8AE-7D3E-4ED0-8278-36B4ACF35A8F}.Debug|Any CPU.ActiveCfg = Debug|Any CPU
		{860BB8AE-7D3E-4ED0-8278-36B4ACF35A8F}.Debug|Any CPU.Build.0 = Debug|Any CPU
		{860BB8AE-7D3E-4ED0-8278-36B4ACF35A8F}.Release|Any CPU.ActiveCfg = Release|Any CPU
		{860BB8AE-7D3E-4ED0-8278-36B4ACF35A8F}.Release|Any CPU.Build.0 = Release|Any CPU
		{860BB8AE-7D3E-4ED0-8278-36B4ACF35A8F}.Debug|x64.ActiveCfg = Debug|x64
		{860BB8AE-7D3E-4ED0-8278-36B4ACF35A8F}.Debug|x64.Build.0 = Debug|x64
		{860BB8AE-7D3E-4ED0-8278-36B4ACF35A8F}.Release|x64.ActiveCfg = Release|x64
		{860BB8AE-7D3E-4ED0-8278-36B4ACF35A8F}.Release|x64.Build.0 = Release|x64
		{DC4952CC-1970-41F3-B808-64E23B5B6AD4}.Debug|Any CPU.ActiveCfg = Debug|Any CPU
		{DC4952CC-1970-41F3-B808-64E23B5B6AD4}.Debug|Any CPU.Build.0 = Debug|Any CPU
		{DC4952CC-1970-41F3-B808-64E23B5B6AD4}.Release|Any CPU.ActiveCfg = Release|Any CPU
		{DC4952CC-1970-41F3-B808-64E23B5B6AD4}.Release|Any CPU.Build.0 = Release|Any CPU
		{DC4952CC-1970-41F3-B808-64E23B5B6AD4}.Debug|x64.ActiveCfg = Debug|x64
		{DC4952CC-1970-41F3-B808-64E23B5B6AD4}.Debug|x64.Build.0 = Debug|x64
		{DC4952CC-1970-41F3-B808-64E23B5B6AD4}.Release|x64.ActiveCfg = Release|x64
		{DC4952CC-1970-41F3-B808-64E23B5B6AD4}.Release|x64.Build.0 = Release|x64
		{00687DE1-C273-4D9C-B088-CE2BB8AF925F}.Debug|Any CPU.ActiveCfg = Debug|Any CPU
		{00687DE1-C273-4D9C-B088-CE2BB8AF925F}.Debug|Any CPU.Build.0 = Debug|Any CPU
		{00687DE1-C273-4D9C-B088-CE2BB8AF925F}.Release|Any CPU.ActiveCfg = Release|Any CPU
		{00687DE1-C273-4D9C-B088-CE2BB8AF925F}.Release|Any CPU.Build.0 = Release|Any CPU
		{00687DE1-C273-4D9C-B088-CE2BB8AF925F}.Debug|x64.ActiveCfg = Debug|x64
		{00687DE1-C273-4D9C-B088-CE2BB8AF925F}.Debug|x64.Build.0 = Debug|x64
		{00687DE1-C273-4D9C-B088-CE2BB8AF925F}.Release|x64.ActiveCfg = Release|x64
		{00687DE1-C273-4D9C-B088-CE2BB8AF925F}.Release|x64.Build.0 = Release|x64
	EndGlobalSection
	GlobalSection(SolutionProperties) = preSolution
		HideSolutionNode = FALSE
	EndGlobalSection
	GlobalSection(NestedProjects) = preSolution
		{860BB8AE-7D3E-4ED0-8278-36B4ACF35A8F} = {8FFFE7E2-0554-4C0A-8B90-B5F80CF40343}
		{DC4952CC-1970-41F3-B808-64E23B5B6AD4} = {8FFFE7E2-0554-4C0A-8B90-B5F80CF40343}
	EndGlobalSection
	GlobalSection(ExtensibilityGlobals) = postSolution
		SolutionGuid = {286C7D04-61C8-4F69-80B1-019057FCB984}
	EndGlobalSection
EndGlobal
